Microsoft Visual Studio Solution File, Format Version 11.00
# Visual Studio 2008

Project("{67D0ED56-41F8-72DB-6EC0-C4C8F43683C4}") = "Professor Ph", "Assembly-CSharp.csproj", "{A8AE2859-0A32-D2E8-701A-722ADD6EF9DC}"
EndProject
Project("{67D0ED56-41F8-72DB-6EC0-C4C8F43683C4}") = "Professor Ph", "Assembly-CSharp-Editor.csproj", "{B30D74B4-42D0-20F5-3F5D-1250FAA9B5C9}"
EndProject
Global
	GlobalSection(SolutionConfigurationPlatforms) = preSolution
		Debug|Any CPU = Debug|Any CPU
		Release|Any CPU = Release|Any CPU
	EndGlobalSection
	GlobalSection(ProjectConfigurationPlatforms) = postSolution
		{A8AE2859-0A32-D2E8-701A-722ADD6EF9DC}.Debug|Any CPU.ActiveCfg = Debug|Any CPU
		{A8AE2859-0A32-D2E8-701A-722ADD6EF9DC}.Debug|Any CPU.Build.0 = Debug|Any CPU
		{A8AE2859-0A32-D2E8-701A-722ADD6EF9DC}.Release|Any CPU.ActiveCfg = Release|Any CPU
		{A8AE2859-0A32-D2E8-701A-722ADD6EF9DC}.Release|Any CPU.Build.0 = Release|Any CPU
		{B30D74B4-42D0-20F5-3F5D-1250FAA9B5C9}.Debug|Any CPU.ActiveCfg = Debug|Any CPU
		{B30D74B4-42D0-20F5-3F5D-1250FAA9B5C9}.Debug|Any CPU.Build.0 = Debug|Any CPU
		{B30D74B4-42D0-20F5-3F5D-1250FAA9B5C9}.Release|Any CPU.ActiveCfg = Release|Any CPU
		{B30D74B4-42D0-20F5-3F5D-1250FAA9B5C9}.Release|Any CPU.Build.0 = Release|Any CPU
	EndGlobalSection
	GlobalSection(SolutionProperties) = preSolution
		HideSolutionNode = FALSE
	EndGlobalSection
	GlobalSection(MonoDevelopProperties) = preSolution
		StartupItem = Assembly-CSharp.csproj
	EndGlobalSection
EndGlobal
